// !$*UTF8*$!
{
	archiveVersion = 1;
	classes = {
	};
	objectVersion = 50;
	objects = {

/* Begin PBXBuildFile section */
		3A27950A2321E1E80064EB29 /* AppDelegate.swift in Sources */ = {isa = PBXBuildFile; fileRef = 3A2795092321E1E80064EB29 /* AppDelegate.swift */; };
		3A2795112321E1EB0064EB29 /* Assets.xcassets in Resources */ = {isa = PBXBuildFile; fileRef = 3A2795102321E1EB0064EB29 /* Assets.xcassets */; };
		3A2795142321E1EB0064EB29 /* LaunchScreen.storyboard in Resources */ = {isa = PBXBuildFile; fileRef = 3A2795122321E1EB0064EB29 /* LaunchScreen.storyboard */; };
		3A27951F2321E1EB0064EB29 /* ShuffleSongsTests.swift in Sources */ = {isa = PBXBuildFile; fileRef = 3A27951E2321E1EB0064EB29 /* ShuffleSongsTests.swift */; };
		3A27952A2321E1EB0064EB29 /* ShuffleSongsUITests.swift in Sources */ = {isa = PBXBuildFile; fileRef = 3A2795292321E1EB0064EB29 /* ShuffleSongsUITests.swift */; };
		3A27953B2321E68D0064EB29 /* SongListProtocols.swift in Sources */ = {isa = PBXBuildFile; fileRef = 3A27953A2321E68D0064EB29 /* SongListProtocols.swift */; };
		3A2795412321FAC50064EB29 /* SongListViewController.swift in Sources */ = {isa = PBXBuildFile; fileRef = 3A27953F2321FAC50064EB29 /* SongListViewController.swift */; };
		3A2795442321FC450064EB29 /* SongListView.storyboard in Resources */ = {isa = PBXBuildFile; fileRef = 3A2795432321FC450064EB29 /* SongListView.storyboard */; };
		3A2795482321FD440064EB29 /* SongListPresenter.swift in Sources */ = {isa = PBXBuildFile; fileRef = 3A2795472321FD440064EB29 /* SongListPresenter.swift */; };
		3A27954B232202390064EB29 /* SongListInteractor.swift in Sources */ = {isa = PBXBuildFile; fileRef = 3A27954A232202390064EB29 /* SongListInteractor.swift */; };
		3A27954D232203DB0064EB29 /* SongListRouter.swift in Sources */ = {isa = PBXBuildFile; fileRef = 3A27954C232203DB0064EB29 /* SongListRouter.swift */; };
		3A27955C2324665B0064EB29 /* SongTableViewCell.swift in Sources */ = {isa = PBXBuildFile; fileRef = 3A27955A2324665B0064EB29 /* SongTableViewCell.swift */; };
		3A27955D2324665B0064EB29 /* SongTableViewCell.xib in Resources */ = {isa = PBXBuildFile; fileRef = 3A27955B2324665B0064EB29 /* SongTableViewCell.xib */; };
		3A2795662325845E0064EB29 /* SongDataAccessProtocol.swift in Sources */ = {isa = PBXBuildFile; fileRef = 3A2795652325845E0064EB29 /* SongDataAccessProtocol.swift */; };
		3A27956823258EB90064EB29 /* SongDataAccess.swift in Sources */ = {isa = PBXBuildFile; fileRef = 3A27956723258EB90064EB29 /* SongDataAccess.swift */; };
		3A27956A232597930064EB29 /* WebService.swift in Sources */ = {isa = PBXBuildFile; fileRef = 3A279569232597930064EB29 /* WebService.swift */; };
		3A27956C2325997D0064EB29 /* AppConstants.swift in Sources */ = {isa = PBXBuildFile; fileRef = 3A27956B2325997D0064EB29 /* AppConstants.swift */; };
		3A27956F2325A6440064EB29 /* SongEntity.swift in Sources */ = {isa = PBXBuildFile; fileRef = 3A27956E2325A6440064EB29 /* SongEntity.swift */; };
		3A2795722325A69F0064EB29 /* SongViewModel.swift in Sources */ = {isa = PBXBuildFile; fileRef = 3A2795712325A69F0064EB29 /* SongViewModel.swift */; };
		3A2795742325A6D30064EB29 /* SongDataAccessFactory.swift in Sources */ = {isa = PBXBuildFile; fileRef = 3A2795732325A6D30064EB29 /* SongDataAccessFactory.swift */; };
		3A27957A2325C10D0064EB29 /* SongApiResponse.swift in Sources */ = {isa = PBXBuildFile; fileRef = 3A2795792325C10D0064EB29 /* SongApiResponse.swift */; };
		3A27957C2325C1390064EB29 /* SongWrapper.swift in Sources */ = {isa = PBXBuildFile; fileRef = 3A27957B2325C1390064EB29 /* SongWrapper.swift */; };
		3A27957E2325C2D80064EB29 /* ImageDataManager.swift in Sources */ = {isa = PBXBuildFile; fileRef = 3A27957D2325C2D80064EB29 /* ImageDataManager.swift */; };
		3A279580232720E80064EB29 /* SongDataError.swift in Sources */ = {isa = PBXBuildFile; fileRef = 3A27957F232720E80064EB29 /* SongDataError.swift */; };
		3A2795832327315C0064EB29 /* Array+Extensions.swift in Sources */ = {isa = PBXBuildFile; fileRef = 3A2795822327315C0064EB29 /* Array+Extensions.swift */; };
/* End PBXBuildFile section */

/* Begin PBXContainerItemProxy section */
		3A27951B2321E1EB0064EB29 /* PBXContainerItemProxy */ = {
			isa = PBXContainerItemProxy;
			containerPortal = 3A2794FE2321E1E80064EB29 /* Project object */;
			proxyType = 1;
			remoteGlobalIDString = 3A2795052321E1E80064EB29;
			remoteInfo = ShuffleSongs;
		};
		3A2795262321E1EB0064EB29 /* PBXContainerItemProxy */ = {
			isa = PBXContainerItemProxy;
			containerPortal = 3A2794FE2321E1E80064EB29 /* Project object */;
			proxyType = 1;
			remoteGlobalIDString = 3A2795052321E1E80064EB29;
			remoteInfo = ShuffleSongs;
		};
/* End PBXContainerItemProxy section */

/* Begin PBXFileReference section */
		3A2795062321E1E80064EB29 /* ShuffleSongs.app */ = {isa = PBXFileReference; explicitFileType = wrapper.application; includeInIndex = 0; path = ShuffleSongs.app; sourceTree = BUILT_PRODUCTS_DIR; };
		3A2795092321E1E80064EB29 /* AppDelegate.swift */ = {isa = PBXFileReference; lastKnownFileType = sourcecode.swift; path = AppDelegate.swift; sourceTree = "<group>"; };
		3A2795102321E1EB0064EB29 /* Assets.xcassets */ = {isa = PBXFileReference; lastKnownFileType = folder.assetcatalog; path = Assets.xcassets; sourceTree = "<group>"; };
		3A2795132321E1EB0064EB29 /* Base */ = {isa = PBXFileReference; lastKnownFileType = file.storyboard; name = Base; path = Base.lproj/LaunchScreen.storyboard; sourceTree = "<group>"; };
		3A27951A2321E1EB0064EB29 /* ShuffleSongsTests.xctest */ = {isa = PBXFileReference; explicitFileType = wrapper.cfbundle; includeInIndex = 0; path = ShuffleSongsTests.xctest; sourceTree = BUILT_PRODUCTS_DIR; };
		3A27951E2321E1EB0064EB29 /* ShuffleSongsTests.swift */ = {isa = PBXFileReference; lastKnownFileType = sourcecode.swift; path = ShuffleSongsTests.swift; sourceTree = "<group>"; };
		3A2795202321E1EB0064EB29 /* Info.plist */ = {isa = PBXFileReference; lastKnownFileType = text.plist.xml; path = Info.plist; sourceTree = "<group>"; };
		3A2795252321E1EB0064EB29 /* ShuffleSongsUITests.xctest */ = {isa = PBXFileReference; explicitFileType = wrapper.cfbundle; includeInIndex = 0; path = ShuffleSongsUITests.xctest; sourceTree = BUILT_PRODUCTS_DIR; };
		3A2795292321E1EB0064EB29 /* ShuffleSongsUITests.swift */ = {isa = PBXFileReference; lastKnownFileType = sourcecode.swift; path = ShuffleSongsUITests.swift; sourceTree = "<group>"; };
		3A27952B2321E1EB0064EB29 /* Info.plist */ = {isa = PBXFileReference; lastKnownFileType = text.plist.xml; path = Info.plist; sourceTree = "<group>"; };
		3A27953A2321E68D0064EB29 /* SongListProtocols.swift */ = {isa = PBXFileReference; lastKnownFileType = sourcecode.swift; path = SongListProtocols.swift; sourceTree = "<group>"; };
		3A27953F2321FAC50064EB29 /* SongListViewController.swift */ = {isa = PBXFileReference; lastKnownFileType = sourcecode.swift; path = SongListViewController.swift; sourceTree = "<group>"; };
		3A2795432321FC450064EB29 /* SongListView.storyboard */ = {isa = PBXFileReference; lastKnownFileType = file.storyboard; path = SongListView.storyboard; sourceTree = "<group>"; };
		3A2795472321FD440064EB29 /* SongListPresenter.swift */ = {isa = PBXFileReference; lastKnownFileType = sourcecode.swift; path = SongListPresenter.swift; sourceTree = "<group>"; };
		3A27954A232202390064EB29 /* SongListInteractor.swift */ = {isa = PBXFileReference; lastKnownFileType = sourcecode.swift; path = SongListInteractor.swift; sourceTree = "<group>"; };
		3A27954C232203DB0064EB29 /* SongListRouter.swift */ = {isa = PBXFileReference; lastKnownFileType = sourcecode.swift; path = SongListRouter.swift; sourceTree = "<group>"; };
		3A27955A2324665B0064EB29 /* SongTableViewCell.swift */ = {isa = PBXFileReference; lastKnownFileType = sourcecode.swift; path = SongTableViewCell.swift; sourceTree = "<group>"; };
		3A27955B2324665B0064EB29 /* SongTableViewCell.xib */ = {isa = PBXFileReference; lastKnownFileType = file.xib; path = SongTableViewCell.xib; sourceTree = "<group>"; };
		3A2795652325845E0064EB29 /* SongDataAccessProtocol.swift */ = {isa = PBXFileReference; lastKnownFileType = sourcecode.swift; path = SongDataAccessProtocol.swift; sourceTree = "<group>"; };
		3A27956723258EB90064EB29 /* SongDataAccess.swift */ = {isa = PBXFileReference; lastKnownFileType = sourcecode.swift; path = SongDataAccess.swift; sourceTree = "<group>"; };
		3A279569232597930064EB29 /* WebService.swift */ = {isa = PBXFileReference; lastKnownFileType = sourcecode.swift; path = WebService.swift; sourceTree = "<group>"; };
		3A27956B2325997D0064EB29 /* AppConstants.swift */ = {isa = PBXFileReference; lastKnownFileType = sourcecode.swift; path = AppConstants.swift; sourceTree = "<group>"; };
		3A27956E2325A6440064EB29 /* SongEntity.swift */ = {isa = PBXFileReference; lastKnownFileType = sourcecode.swift; path = SongEntity.swift; sourceTree = "<group>"; };
		3A2795712325A69F0064EB29 /* SongViewModel.swift */ = {isa = PBXFileReference; lastKnownFileType = sourcecode.swift; path = SongViewModel.swift; sourceTree = "<group>"; };
		3A2795732325A6D30064EB29 /* SongDataAccessFactory.swift */ = {isa = PBXFileReference; lastKnownFileType = sourcecode.swift; path = SongDataAccessFactory.swift; sourceTree = "<group>"; };
		3A2795762325AA320064EB29 /* Info.plist */ = {isa = PBXFileReference; fileEncoding = 4; lastKnownFileType = text.plist.xml; path = Info.plist; sourceTree = "<group>"; };
		3A2795792325C10D0064EB29 /* SongApiResponse.swift */ = {isa = PBXFileReference; lastKnownFileType = sourcecode.swift; path = SongApiResponse.swift; sourceTree = "<group>"; };
		3A27957B2325C1390064EB29 /* SongWrapper.swift */ = {isa = PBXFileReference; lastKnownFileType = sourcecode.swift; path = SongWrapper.swift; sourceTree = "<group>"; };
		3A27957D2325C2D80064EB29 /* ImageDataManager.swift */ = {isa = PBXFileReference; lastKnownFileType = sourcecode.swift; path = ImageDataManager.swift; sourceTree = "<group>"; };
		3A27957F232720E80064EB29 /* SongDataError.swift */ = {isa = PBXFileReference; lastKnownFileType = sourcecode.swift; path = SongDataError.swift; sourceTree = "<group>"; };
		3A2795822327315C0064EB29 /* Array+Extensions.swift */ = {isa = PBXFileReference; lastKnownFileType = sourcecode.swift; path = "Array+Extensions.swift"; sourceTree = "<group>"; };
/* End PBXFileReference section */

/* Begin PBXFrameworksBuildPhase section */
		3A2795032321E1E80064EB29 /* Frameworks */ = {
			isa = PBXFrameworksBuildPhase;
			buildActionMask = 2147483647;
			files = (
			);
			runOnlyForDeploymentPostprocessing = 0;
		};
		3A2795172321E1EB0064EB29 /* Frameworks */ = {
			isa = PBXFrameworksBuildPhase;
			buildActionMask = 2147483647;
			files = (
			);
			runOnlyForDeploymentPostprocessing = 0;
		};
		3A2795222321E1EB0064EB29 /* Frameworks */ = {
			isa = PBXFrameworksBuildPhase;
			buildActionMask = 2147483647;
			files = (
			);
			runOnlyForDeploymentPostprocessing = 0;
		};
/* End PBXFrameworksBuildPhase section */

/* Begin PBXGroup section */
		3A2794FD2321E1E80064EB29 = {
			isa = PBXGroup;
			children = (
				3A2795082321E1E80064EB29 /* ShuffleSongs */,
				3A2795092321E1E80064EB29 /* AppDelegate.swift */,
				3A2795762325AA320064EB29 /* Info.plist */,
				3A27956B2325997D0064EB29 /* AppConstants.swift */,
				3A2795122321E1EB0064EB29 /* LaunchScreen.storyboard */,
				3A27951D2321E1EB0064EB29 /* ShuffleSongsTests */,
				3A2795282321E1EB0064EB29 /* ShuffleSongsUITests */,
				3A2795072321E1E80064EB29 /* Products */,
			);
			sourceTree = "<group>";
		};
		3A2795072321E1E80064EB29 /* Products */ = {
			isa = PBXGroup;
			children = (
				3A2795062321E1E80064EB29 /* ShuffleSongs.app */,
				3A27951A2321E1EB0064EB29 /* ShuffleSongsTests.xctest */,
				3A2795252321E1EB0064EB29 /* ShuffleSongsUITests.xctest */,
			);
			name = Products;
			sourceTree = "<group>";
		};
		3A2795082321E1E80064EB29 /* ShuffleSongs */ = {
			isa = PBXGroup;
			children = (
				3A27956D2325A6280064EB29 /* Entities */,
				3A27954E232408860064EB29 /* Commom */,
				3A2795372321E4990064EB29 /* Modules */,
				3A27955E2324ACBD0064EB29 /* Resources */,
				3A27956223257BDA0064EB29 /* Services */,
			);
			path = ShuffleSongs;
			sourceTree = "<group>";
		};
		3A27951D2321E1EB0064EB29 /* ShuffleSongsTests */ = {
			isa = PBXGroup;
			children = (
				3A27951E2321E1EB0064EB29 /* ShuffleSongsTests.swift */,
				3A2795202321E1EB0064EB29 /* Info.plist */,
			);
			path = ShuffleSongsTests;
			sourceTree = "<group>";
		};
		3A2795282321E1EB0064EB29 /* ShuffleSongsUITests */ = {
			isa = PBXGroup;
			children = (
				3A2795292321E1EB0064EB29 /* ShuffleSongsUITests.swift */,
				3A27952B2321E1EB0064EB29 /* Info.plist */,
			);
			path = ShuffleSongsUITests;
			sourceTree = "<group>";
		};
		3A2795372321E4990064EB29 /* Modules */ = {
			isa = PBXGroup;
			children = (
				3A2795382321E65D0064EB29 /* SongList */,
			);
			path = Modules;
			sourceTree = "<group>";
		};
		3A2795382321E65D0064EB29 /* SongList */ = {
			isa = PBXGroup;
			children = (
				3A279549232201FF0064EB29 /* Interactor */,
				3A27953D2321E7FB0064EB29 /* ViewModel */,
				3A2795462321FD1C0064EB29 /* Presenter */,
				3A2795392321E6770064EB29 /* Protocols */,
				3A27953E2321FA180064EB29 /* Router */,
				3A27953C2321E7CD0064EB29 /* View */,
			);
			path = SongList;
			sourceTree = "<group>";
		};
		3A2795392321E6770064EB29 /* Protocols */ = {
			isa = PBXGroup;
			children = (
				3A27953A2321E68D0064EB29 /* SongListProtocols.swift */,
			);
			path = Protocols;
			sourceTree = "<group>";
		};
		3A27953C2321E7CD0064EB29 /* View */ = {
			isa = PBXGroup;
			children = (
				3A2795572324661A0064EB29 /* Cells */,
				3A27953F2321FAC50064EB29 /* SongListViewController.swift */,
				3A2795432321FC450064EB29 /* SongListView.storyboard */,
			);
			path = View;
			sourceTree = "<group>";
		};
		3A27953D2321E7FB0064EB29 /* ViewModel */ = {
			isa = PBXGroup;
			children = (
				3A2795712325A69F0064EB29 /* SongViewModel.swift */,
			);
			path = ViewModel;
			sourceTree = "<group>";
		};
		3A27953E2321FA180064EB29 /* Router */ = {
			isa = PBXGroup;
			children = (
				3A27954C232203DB0064EB29 /* SongListRouter.swift */,
			);
			path = Router;
			sourceTree = "<group>";
		};
		3A2795462321FD1C0064EB29 /* Presenter */ = {
			isa = PBXGroup;
			children = (
				3A2795472321FD440064EB29 /* SongListPresenter.swift */,
			);
			path = Presenter;
			sourceTree = "<group>";
		};
		3A279549232201FF0064EB29 /* Interactor */ = {
			isa = PBXGroup;
			children = (
				3A27954A232202390064EB29 /* SongListInteractor.swift */,
			);
			path = Interactor;
			sourceTree = "<group>";
		};
		3A27954E232408860064EB29 /* Commom */ = {
			isa = PBXGroup;
			children = (
				3A279581232731490064EB29 /* Extensions */,
				3A279569232597930064EB29 /* WebService.swift */,
				3A27957D2325C2D80064EB29 /* ImageDataManager.swift */,
			);
			path = Commom;
			sourceTree = "<group>";
		};
		3A2795572324661A0064EB29 /* Cells */ = {
			isa = PBXGroup;
			children = (
				3A27955A2324665B0064EB29 /* SongTableViewCell.swift */,
				3A27955B2324665B0064EB29 /* SongTableViewCell.xib */,
			);
			path = Cells;
			sourceTree = "<group>";
		};
		3A27955E2324ACBD0064EB29 /* Resources */ = {
			isa = PBXGroup;
			children = (
				3A2795102321E1EB0064EB29 /* Assets.xcassets */,
			);
			path = Resources;
			sourceTree = "<group>";
		};
		3A27956223257BDA0064EB29 /* Services */ = {
			isa = PBXGroup;
			children = (
				3A27956423257C720064EB29 /* SongDataAccess */,
			);
			path = Services;
			sourceTree = "<group>";
		};
		3A27956423257C720064EB29 /* SongDataAccess */ = {
			isa = PBXGroup;
			children = (
				3A2795782325C0B00064EB29 /* Entities */,
				3A2795652325845E0064EB29 /* SongDataAccessProtocol.swift */,
				3A27956723258EB90064EB29 /* SongDataAccess.swift */,
				3A2795732325A6D30064EB29 /* SongDataAccessFactory.swift */,
			);
			path = SongDataAccess;
			sourceTree = "<group>";
		};
		3A27956D2325A6280064EB29 /* Entities */ = {
			isa = PBXGroup;
			children = (
				3A27956E2325A6440064EB29 /* SongEntity.swift */,
			);
			path = Entities;
			sourceTree = "<group>";
		};
		3A2795782325C0B00064EB29 /* Entities */ = {
			isa = PBXGroup;
			children = (
				3A2795792325C10D0064EB29 /* SongApiResponse.swift */,
				3A27957B2325C1390064EB29 /* SongWrapper.swift */,
				3A27957F232720E80064EB29 /* SongDataError.swift */,
			);
			path = Entities;
			sourceTree = "<group>";
		};
		3A279581232731490064EB29 /* Extensions */ = {
			isa = PBXGroup;
			children = (
				3A2795822327315C0064EB29 /* Array+Extensions.swift */,
			);
			path = Extensions;
			sourceTree = "<group>";
		};
/* End PBXGroup section */

/* Begin PBXNativeTarget section */
		3A2795052321E1E80064EB29 /* ShuffleSongs */ = {
			isa = PBXNativeTarget;
			buildConfigurationList = 3A27952E2321E1EB0064EB29 /* Build configuration list for PBXNativeTarget "ShuffleSongs" */;
			buildPhases = (
				3A2795022321E1E80064EB29 /* Sources */,
				3A2795032321E1E80064EB29 /* Frameworks */,
				3A2795042321E1E80064EB29 /* Resources */,
			);
			buildRules = (
			);
			dependencies = (
			);
			name = ShuffleSongs;
			productName = ShuffleSongs;
			productReference = 3A2795062321E1E80064EB29 /* ShuffleSongs.app */;
			productType = "com.apple.product-type.application";
		};
		3A2795192321E1EB0064EB29 /* ShuffleSongsTests */ = {
			isa = PBXNativeTarget;
			buildConfigurationList = 3A2795312321E1EB0064EB29 /* Build configuration list for PBXNativeTarget "ShuffleSongsTests" */;
			buildPhases = (
				3A2795162321E1EB0064EB29 /* Sources */,
				3A2795172321E1EB0064EB29 /* Frameworks */,
				3A2795182321E1EB0064EB29 /* Resources */,
			);
			buildRules = (
			);
			dependencies = (
				3A27951C2321E1EB0064EB29 /* PBXTargetDependency */,
			);
			name = ShuffleSongsTests;
			productName = ShuffleSongsTests;
			productReference = 3A27951A2321E1EB0064EB29 /* ShuffleSongsTests.xctest */;
			productType = "com.apple.product-type.bundle.unit-test";
		};
		3A2795242321E1EB0064EB29 /* ShuffleSongsUITests */ = {
			isa = PBXNativeTarget;
			buildConfigurationList = 3A2795342321E1EB0064EB29 /* Build configuration list for PBXNativeTarget "ShuffleSongsUITests" */;
			buildPhases = (
				3A2795212321E1EB0064EB29 /* Sources */,
				3A2795222321E1EB0064EB29 /* Frameworks */,
				3A2795232321E1EB0064EB29 /* Resources */,
			);
			buildRules = (
			);
			dependencies = (
				3A2795272321E1EB0064EB29 /* PBXTargetDependency */,
			);
			name = ShuffleSongsUITests;
			productName = ShuffleSongsUITests;
			productReference = 3A2795252321E1EB0064EB29 /* ShuffleSongsUITests.xctest */;
			productType = "com.apple.product-type.bundle.ui-testing";
		};
/* End PBXNativeTarget section */

/* Begin PBXProject section */
		3A2794FE2321E1E80064EB29 /* Project object */ = {
			isa = PBXProject;
			attributes = {
				LastSwiftUpdateCheck = 1030;
				LastUpgradeCheck = 1030;
				ORGANIZATIONNAME = "Paulo Henrique dos Santos";
				TargetAttributes = {
					3A2795052321E1E80064EB29 = {
						CreatedOnToolsVersion = 10.3;
					};
					3A2795192321E1EB0064EB29 = {
						CreatedOnToolsVersion = 10.3;
						TestTargetID = 3A2795052321E1E80064EB29;
					};
					3A2795242321E1EB0064EB29 = {
						CreatedOnToolsVersion = 10.3;
						TestTargetID = 3A2795052321E1E80064EB29;
					};
				};
			};
			buildConfigurationList = 3A2795012321E1E80064EB29 /* Build configuration list for PBXProject "ShuffleSongs" */;
			compatibilityVersion = "Xcode 9.3";
			developmentRegion = en;
			hasScannedForEncodings = 0;
			knownRegions = (
				en,
				Base,
			);
			mainGroup = 3A2794FD2321E1E80064EB29;
			productRefGroup = 3A2795072321E1E80064EB29 /* Products */;
			projectDirPath = "";
			projectRoot = "";
			targets = (
				3A2795052321E1E80064EB29 /* ShuffleSongs */,
				3A2795192321E1EB0064EB29 /* ShuffleSongsTests */,
				3A2795242321E1EB0064EB29 /* ShuffleSongsUITests */,
			);
		};
/* End PBXProject section */

/* Begin PBXResourcesBuildPhase section */
		3A2795042321E1E80064EB29 /* Resources */ = {
			isa = PBXResourcesBuildPhase;
			buildActionMask = 2147483647;
			files = (
				3A27955D2324665B0064EB29 /* SongTableViewCell.xib in Resources */,
				3A2795442321FC450064EB29 /* SongListView.storyboard in Resources */,
				3A2795142321E1EB0064EB29 /* LaunchScreen.storyboard in Resources */,
				3A2795112321E1EB0064EB29 /* Assets.xcassets in Resources */,
			);
			runOnlyForDeploymentPostprocessing = 0;
		};
		3A2795182321E1EB0064EB29 /* Resources */ = {
			isa = PBXResourcesBuildPhase;
			buildActionMask = 2147483647;
			files = (
			);
			runOnlyForDeploymentPostprocessing = 0;
		};
		3A2795232321E1EB0064EB29 /* Resources */ = {
			isa = PBXResourcesBuildPhase;
			buildActionMask = 2147483647;
			files = (
			);
			runOnlyForDeploymentPostprocessing = 0;
		};
/* End PBXResourcesBuildPhase section */

/* Begin PBXSourcesBuildPhase section */
		3A2795022321E1E80064EB29 /* Sources */ = {
			isa = PBXSourcesBuildPhase;
			buildActionMask = 2147483647;
			files = (
				3A27954B232202390064EB29 /* SongListInteractor.swift in Sources */,
				3A27956823258EB90064EB29 /* SongDataAccess.swift in Sources */,
				3A2795482321FD440064EB29 /* SongListPresenter.swift in Sources */,
				3A27956F2325A6440064EB29 /* SongEntity.swift in Sources */,
				3A27957C2325C1390064EB29 /* SongWrapper.swift in Sources */,
				3A27956C2325997D0064EB29 /* AppConstants.swift in Sources */,
				3A2795412321FAC50064EB29 /* SongListViewController.swift in Sources */,
				3A27955C2324665B0064EB29 /* SongTableViewCell.swift in Sources */,
				3A2795662325845E0064EB29 /* SongDataAccessProtocol.swift in Sources */,
				3A27950A2321E1E80064EB29 /* AppDelegate.swift in Sources */,
				3A27953B2321E68D0064EB29 /* SongListProtocols.swift in Sources */,
				3A2795722325A69F0064EB29 /* SongViewModel.swift in Sources */,
				3A2795742325A6D30064EB29 /* SongDataAccessFactory.swift in Sources */,
				3A27957A2325C10D0064EB29 /* SongApiResponse.swift in Sources */,
				3A27956A232597930064EB29 /* WebService.swift in Sources */,
				3A27954D232203DB0064EB29 /* SongListRouter.swift in Sources */,
				3A27957E2325C2D80064EB29 /* ImageDataManager.swift in Sources */,
				3A2795832327315C0064EB29 /* Array+Extensions.swift in Sources */,
				3A279580232720E80064EB29 /* SongDataError.swift in Sources */,
			);
			runOnlyForDeploymentPostprocessing = 0;
		};
		3A2795162321E1EB0064EB29 /* Sources */ = {
			isa = PBXSourcesBuildPhase;
			buildActionMask = 2147483647;
			files = (
				3A27951F2321E1EB0064EB29 /* ShuffleSongsTests.swift in Sources */,
			);
			runOnlyForDeploymentPostprocessing = 0;
		};
		3A2795212321E1EB0064EB29 /* Sources */ = {
			isa = PBXSourcesBuildPhase;
			buildActionMask = 2147483647;
			files = (
				3A27952A2321E1EB0064EB29 /* ShuffleSongsUITests.swift in Sources */,
			);
			runOnlyForDeploymentPostprocessing = 0;
		};
/* End PBXSourcesBuildPhase section */

/* Begin PBXTargetDependency section */
		3A27951C2321E1EB0064EB29 /* PBXTargetDependency */ = {
			isa = PBXTargetDependency;
			target = 3A2795052321E1E80064EB29 /* ShuffleSongs */;
			targetProxy = 3A27951B2321E1EB0064EB29 /* PBXContainerItemProxy */;
		};
		3A2795272321E1EB0064EB29 /* PBXTargetDependency */ = {
			isa = PBXTargetDependency;
			target = 3A2795052321E1E80064EB29 /* ShuffleSongs */;
			targetProxy = 3A2795262321E1EB0064EB29 /* PBXContainerItemProxy */;
		};
/* End PBXTargetDependency section */

/* Begin PBXVariantGroup section */
		3A2795122321E1EB0064EB29 /* LaunchScreen.storyboard */ = {
			isa = PBXVariantGroup;
			children = (
				3A2795132321E1EB0064EB29 /* Base */,
			);
			name = LaunchScreen.storyboard;
			sourceTree = "<group>";
		};
/* End PBXVariantGroup section */

/* Begin XCBuildConfiguration section */
		3A27952C2321E1EB0064EB29 /* Debug */ = {
			isa = XCBuildConfiguration;
			buildSettings = {
				ALWAYS_SEARCH_USER_PATHS = NO;
				CLANG_ANALYZER_NONNULL = YES;
				CLANG_ANALYZER_NUMBER_OBJECT_CONVERSION = YES_AGGRESSIVE;
				CLANG_CXX_LANGUAGE_STANDARD = "gnu++14";
				CLANG_CXX_LIBRARY = "libc++";
				CLANG_ENABLE_MODULES = YES;
				CLANG_ENABLE_OBJC_ARC = YES;
				CLANG_ENABLE_OBJC_WEAK = YES;
				CLANG_WARN_BLOCK_CAPTURE_AUTORELEASING = YES;
				CLANG_WARN_BOOL_CONVERSION = YES;
				CLANG_WARN_COMMA = YES;
				CLANG_WARN_CONSTANT_CONVERSION = YES;
				CLANG_WARN_DEPRECATED_OBJC_IMPLEMENTATIONS = YES;
				CLANG_WARN_DIRECT_OBJC_ISA_USAGE = YES_ERROR;
				CLANG_WARN_DOCUMENTATION_COMMENTS = YES;
				CLANG_WARN_EMPTY_BODY = YES;
				CLANG_WARN_ENUM_CONVERSION = YES;
				CLANG_WARN_INFINITE_RECURSION = YES;
				CLANG_WARN_INT_CONVERSION = YES;
				CLANG_WARN_NON_LITERAL_NULL_CONVERSION = YES;
				CLANG_WARN_OBJC_IMPLICIT_RETAIN_SELF = YES;
				CLANG_WARN_OBJC_LITERAL_CONVERSION = YES;
				CLANG_WARN_OBJC_ROOT_CLASS = YES_ERROR;
				CLANG_WARN_RANGE_LOOP_ANALYSIS = YES;
				CLANG_WARN_STRICT_PROTOTYPES = YES;
				CLANG_WARN_SUSPICIOUS_MOVE = YES;
				CLANG_WARN_UNGUARDED_AVAILABILITY = YES_AGGRESSIVE;
				CLANG_WARN_UNREACHABLE_CODE = YES;
				CLANG_WARN__DUPLICATE_METHOD_MATCH = YES;
				CODE_SIGN_IDENTITY = "iPhone Developer";
				COPY_PHASE_STRIP = NO;
				DEBUG_INFORMATION_FORMAT = dwarf;
				ENABLE_STRICT_OBJC_MSGSEND = YES;
				ENABLE_TESTABILITY = YES;
				GCC_C_LANGUAGE_STANDARD = gnu11;
				GCC_DYNAMIC_NO_PIC = NO;
				GCC_NO_COMMON_BLOCKS = YES;
				GCC_OPTIMIZATION_LEVEL = 0;
				GCC_PREPROCESSOR_DEFINITIONS = (
					"DEBUG=1",
					"$(inherited)",
				);
				GCC_WARN_64_TO_32_BIT_CONVERSION = YES;
				GCC_WARN_ABOUT_RETURN_TYPE = YES_ERROR;
				GCC_WARN_UNDECLARED_SELECTOR = YES;
				GCC_WARN_UNINITIALIZED_AUTOS = YES_AGGRESSIVE;
				GCC_WARN_UNUSED_FUNCTION = YES;
				GCC_WARN_UNUSED_VARIABLE = YES;
				IPHONEOS_DEPLOYMENT_TARGET = 12.4;
				MTL_ENABLE_DEBUG_INFO = INCLUDE_SOURCE;
				MTL_FAST_MATH = YES;
				ONLY_ACTIVE_ARCH = YES;
				SDKROOT = iphoneos;
				SWIFT_ACTIVE_COMPILATION_CONDITIONS = DEBUG;
				SWIFT_OPTIMIZATION_LEVEL = "-Onone";
			};
			name = Debug;
		};
		3A27952D2321E1EB0064EB29 /* Release */ = {
			isa = XCBuildConfiguration;
			buildSettings = {
				ALWAYS_SEARCH_USER_PATHS = NO;
				CLANG_ANALYZER_NONNULL = YES;
				CLANG_ANALYZER_NUMBER_OBJECT_CONVERSION = YES_AGGRESSIVE;
				CLANG_CXX_LANGUAGE_STANDARD = "gnu++14";
				CLANG_CXX_LIBRARY = "libc++";
				CLANG_ENABLE_MODULES = YES;
				CLANG_ENABLE_OBJC_ARC = YES;
				CLANG_ENABLE_OBJC_WEAK = YES;
				CLANG_WARN_BLOCK_CAPTURE_AUTORELEASING = YES;
				CLANG_WARN_BOOL_CONVERSION = YES;
				CLANG_WARN_COMMA = YES;
				CLANG_WARN_CONSTANT_CONVERSION = YES;
				CLANG_WARN_DEPRECATED_OBJC_IMPLEMENTATIONS = YES;
				CLANG_WARN_DIRECT_OBJC_ISA_USAGE = YES_ERROR;
				CLANG_WARN_DOCUMENTATION_COMMENTS = YES;
				CLANG_WARN_EMPTY_BODY = YES;
				CLANG_WARN_ENUM_CONVERSION = YES;
				CLANG_WARN_INFINITE_RECURSION = YES;
				CLANG_WARN_INT_CONVERSION = YES;
				CLANG_WARN_NON_LITERAL_NULL_CONVERSION = YES;
				CLANG_WARN_OBJC_IMPLICIT_RETAIN_SELF = YES;
				CLANG_WARN_OBJC_LITERAL_CONVERSION = YES;
				CLANG_WARN_OBJC_ROOT_CLASS = YES_ERROR;
				CLANG_WARN_RANGE_LOOP_ANALYSIS = YES;
				CLANG_WARN_STRICT_PROTOTYPES = YES;
				CLANG_WARN_SUSPICIOUS_MOVE = YES;
				CLANG_WARN_UNGUARDED_AVAILABILITY = YES_AGGRESSIVE;
				CLANG_WARN_UNREACHABLE_CODE = YES;
				CLANG_WARN__DUPLICATE_METHOD_MATCH = YES;
				CODE_SIGN_IDENTITY = "iPhone Developer";
				COPY_PHASE_STRIP = NO;
				DEBUG_INFORMATION_FORMAT = "dwarf-with-dsym";
				ENABLE_NS_ASSERTIONS = NO;
				ENABLE_STRICT_OBJC_MSGSEND = YES;
				GCC_C_LANGUAGE_STANDARD = gnu11;
				GCC_NO_COMMON_BLOCKS = YES;
				GCC_WARN_64_TO_32_BIT_CONVERSION = YES;
				GCC_WARN_ABOUT_RETURN_TYPE = YES_ERROR;
				GCC_WARN_UNDECLARED_SELECTOR = YES;
				GCC_WARN_UNINITIALIZED_AUTOS = YES_AGGRESSIVE;
				GCC_WARN_UNUSED_FUNCTION = YES;
				GCC_WARN_UNUSED_VARIABLE = YES;
				IPHONEOS_DEPLOYMENT_TARGET = 12.4;
				MTL_ENABLE_DEBUG_INFO = NO;
				MTL_FAST_MATH = YES;
				SDKROOT = iphoneos;
				SWIFT_COMPILATION_MODE = wholemodule;
				SWIFT_OPTIMIZATION_LEVEL = "-O";
				VALIDATE_PRODUCT = YES;
			};
			name = Release;
		};
		3A27952F2321E1EB0064EB29 /* Debug */ = {
			isa = XCBuildConfiguration;
			buildSettings = {
				ASSETCATALOG_COMPILER_APPICON_NAME = AppIcon;
				CODE_SIGN_STYLE = Automatic;
				INFOPLIST_FILE = "$(SRCROOT)/Info.plist";
				LD_RUNPATH_SEARCH_PATHS = (
					"$(inherited)",
					"@executable_path/Frameworks",
				);
				PRODUCT_BUNDLE_IDENTIFIER = com.pauloSantos.ShuffleSongs;
				PRODUCT_NAME = "$(TARGET_NAME)";
				SWIFT_VERSION = 5.0;
				TARGETED_DEVICE_FAMILY = "1,2";
			};
			name = Debug;
		};
		3A2795302321E1EB0064EB29 /* Release */ = {
			isa = XCBuildConfiguration;
			buildSettings = {
				ASSETCATALOG_COMPILER_APPICON_NAME = AppIcon;
				CODE_SIGN_STYLE = Automatic;
				INFOPLIST_FILE = "$(SRCROOT)/Info.plist";
				LD_RUNPATH_SEARCH_PATHS = (
					"$(inherited)",
					"@executable_path/Frameworks",
				);
				PRODUCT_BUNDLE_IDENTIFIER = com.pauloSantos.ShuffleSongs;
				PRODUCT_NAME = "$(TARGET_NAME)";
				SWIFT_VERSION = 5.0;
				TARGETED_DEVICE_FAMILY = "1,2";
			};
			name = Release;
		};
		3A2795322321E1EB0064EB29 /* Debug */ = {
			isa = XCBuildConfiguration;
			buildSettings = {
				ALWAYS_EMBED_SWIFT_STANDARD_LIBRARIES = YES;
				BUNDLE_LOADER = "$(TEST_HOST)";
				CODE_SIGN_STYLE = Automatic;
				INFOPLIST_FILE = ShuffleSongsTests/Info.plist;
				LD_RUNPATH_SEARCH_PATHS = (
					"$(inherited)",
					"@executable_path/Frameworks",
					"@loader_path/Frameworks",
				);
				PRODUCT_BUNDLE_IDENTIFIER = com.pauloSantos.ShuffleSongsTests;
				PRODUCT_NAME = "$(TARGET_NAME)";
				SWIFT_VERSION = 5.0;
				TARGETED_DEVICE_FAMILY = "1,2";
				TEST_HOST = "$(BUILT_PRODUCTS_DIR)/ShuffleSongs.app/ShuffleSongs";
			};
			name = Debug;
		};
		3A2795332321E1EB0064EB29 /* Release */ = {
			isa = XCBuildConfiguration;
			buildSettings = {
				ALWAYS_EMBED_SWIFT_STANDARD_LIBRARIES = YES;
				BUNDLE_LOADER = "$(TEST_HOST)";
				CODE_SIGN_STYLE = Automatic;
				INFOPLIST_FILE = ShuffleSongsTests/Info.plist;
				LD_RUNPATH_SEARCH_PATHS = (
					"$(inherited)",
					"@executable_path/Frameworks",
					"@loader_path/Frameworks",
				);
				PRODUCT_BUNDLE_IDENTIFIER = com.pauloSantos.ShuffleSongsTests;
				PRODUCT_NAME = "$(TARGET_NAME)";
				SWIFT_VERSION = 5.0;
				TARGETED_DEVICE_FAMILY = "1,2";
				TEST_HOST = "$(BUILT_PRODUCTS_DIR)/ShuffleSongs.app/ShuffleSongs";
			};
			name = Release;
		};
		3A2795352321E1EB0064EB29 /* Debug */ = {
			isa = XCBuildConfiguration;
			buildSettings = {
				ALWAYS_EMBED_SWIFT_STANDARD_LIBRARIES = YES;
				CODE_SIGN_STYLE = Automatic;
				INFOPLIST_FILE = ShuffleSongsUITests/Info.plist;
				LD_RUNPATH_SEARCH_PATHS = (
					"$(inherited)",
					"@executable_path/Frameworks",
					"@loader_path/Frameworks",
				);
				PRODUCT_BUNDLE_IDENTIFIER = com.pauloSantos.ShuffleSongsUITests;
				PRODUCT_NAME = "$(TARGET_NAME)";
				SWIFT_VERSION = 5.0;
				TARGETED_DEVICE_FAMILY = "1,2";
				TEST_TARGET_NAME = ShuffleSongs;
			};
			name = Debug;
		};
		3A2795362321E1EB0064EB29 /* Release */ = {
			isa = XCBuildConfiguration;
			buildSettings = {
				ALWAYS_EMBED_SWIFT_STANDARD_LIBRARIES = YES;
				CODE_SIGN_STYLE = Automatic;
				INFOPLIST_FILE = ShuffleSongsUITests/Info.plist;
				LD_RUNPATH_SEARCH_PATHS = (
					"$(inherited)",
					"@executable_path/Frameworks",
					"@loader_path/Frameworks",
				);
				PRODUCT_BUNDLE_IDENTIFIER = com.pauloSantos.ShuffleSongsUITests;
				PRODUCT_NAME = "$(TARGET_NAME)";
				SWIFT_VERSION = 5.0;
				TARGETED_DEVICE_FAMILY = "1,2";
				TEST_TARGET_NAME = ShuffleSongs;
			};
			name = Release;
		};
/* End XCBuildConfiguration section */

/* Begin XCConfigurationList section */
		3A2795012321E1E80064EB29 /* Build configuration list for PBXProject "ShuffleSongs" */ = {
			isa = XCConfigurationList;
			buildConfigurations = (
				3A27952C2321E1EB0064EB29 /* Debug */,
				3A27952D2321E1EB0064EB29 /* Release */,
			);
			defaultConfigurationIsVisible = 0;
			defaultConfigurationName = Release;
		};
		3A27952E2321E1EB0064EB29 /* Build configuration list for PBXNativeTarget "ShuffleSongs" */ = {
			isa = XCConfigurationList;
			buildConfigurations = (
				3A27952F2321E1EB0064EB29 /* Debug */,
				3A2795302321E1EB0064EB29 /* Release */,
			);
			defaultConfigurationIsVisible = 0;
			defaultConfigurationName = Release;
		};
		3A2795312321E1EB0064EB29 /* Build configuration list for PBXNativeTarget "ShuffleSongsTests" */ = {
			isa = XCConfigurationList;
			buildConfigurations = (
				3A2795322321E1EB0064EB29 /* Debug */,
				3A2795332321E1EB0064EB29 /* Release */,
			);
			defaultConfigurationIsVisible = 0;
			defaultConfigurationName = Release;
		};
		3A2795342321E1EB0064EB29 /* Build configuration list for PBXNativeTarget "ShuffleSongsUITests" */ = {
			isa = XCConfigurationList;
			buildConfigurations = (
				3A2795352321E1EB0064EB29 /* Debug */,
				3A2795362321E1EB0064EB29 /* Release */,
			);
			defaultConfigurationIsVisible = 0;
			defaultConfigurationName = Release;
		};
/* End XCConfigurationList section */
	};
	rootObject = 3A2794FE2321E1E80064EB29 /* Project object */;
}
